
Microsoft Visual Studio Solution File, Format Version 12.00
# Visual Studio Version 17
VisualStudioVersion = 17.12.35527.113
MinimumVisualStudioVersion = 10.0.40219.1
Project("{FAE04EC0-301F-11D3-BF4B-00C04F79EFBC}") = "Demo", "Demo\Demo.csproj", "{436D9CFF-D7E3-423F-8210-9385E6AAF639}"
EndProject
Project("{FAE04EC0-301F-11D3-BF4B-00C04F79EFBC}") = "Demo.Domaiin", "Demo.Domaiin\Demo.Domaiin.csproj", "{4D5B7701-66BF-4CB7-B004-324830CADCD1}"
EndProject
Project("{FAE04EC0-301F-11D3-BF4B-00C04F79EFBC}") = "Demo.Application", "Demo.Application\Demo.Application.csproj", "{EDC7710D-C244-41A6-A8B7-C316A80B5B87}"
EndProject
Project("{FAE04EC0-301F-11D3-BF4B-00C04F79EFBC}") = "Demo.Infrastructure", "Demo.Infrastructure\Demo.Infrastructure.csproj", "{D128F698-0B7C-4E4A-8AAA-4A242B4AE112}"
EndProject
Global
	GlobalSection(SolutionConfigurationPlatforms) = preSolution
		Debug|Any CPU = Debug|Any CPU
		Release|Any CPU = Release|Any CPU
	EndGlobalSection
	GlobalSection(ProjectConfigurationPlatforms) = postSolution
		{436D9CFF-D7E3-423F-8210-9385E6AAF639}.Debug|Any CPU.ActiveCfg = Debug|Any CPU
		{436D9CFF-D7E3-423F-8210-9385E6AAF639}.Debug|Any CPU.Build.0 = Debug|Any CPU
		{436D9CFF-D7E3-423F-8210-9385E6AAF639}.Release|Any CPU.ActiveCfg = Release|Any CPU
		{436D9CFF-D7E3-423F-8210-9385E6AAF639}.Release|Any CPU.Build.0 = Release|Any CPU
		{4D5B7701-66BF-4CB7-B004-324830CADCD1}.Debug|Any CPU.ActiveCfg = Debug|Any CPU
		{4D5B7701-66BF-4CB7-B004-324830CADCD1}.Debug|Any CPU.Build.0 = Debug|Any CPU
		{4D5B7701-66BF-4CB7-B004-324830CADCD1}.Release|Any CPU.ActiveCfg = Release|Any CPU
		{4D5B7701-66BF-4CB7-B004-324830CADCD1}.Release|Any CPU.Build.0 = Release|Any CPU
		{EDC7710D-C244-41A6-A8B7-C316A80B5B87}.Debug|Any CPU.ActiveCfg = Debug|Any CPU
		{EDC7710D-C244-41A6-A8B7-C316A80B5B87}.Debug|Any CPU.Build.0 = Debug|Any CPU
		{EDC7710D-C244-41A6-A8B7-C316A80B5B87}.Release|Any CPU.ActiveCfg = Release|Any CPU
		{EDC7710D-C244-41A6-A8B7-C316A80B5B87}.Release|Any CPU.Build.0 = Release|Any CPU
		{D128F698-0B7C-4E4A-8AAA-4A242B4AE112}.Debug|Any CPU.ActiveCfg = Debug|Any CPU
		{D128F698-0B7C-4E4A-8AAA-4A242B4AE112}.Debug|Any CPU.Build.0 = Debug|Any CPU
		{D128F698-0B7C-4E4A-8AAA-4A242B4AE112}.Release|Any CPU.ActiveCfg = Release|Any CPU
		{D128F698-0B7C-4E4A-8AAA-4A242B4AE112}.Release|Any CPU.Build.0 = Release|Any CPU
	EndGlobalSection
	GlobalSection(SolutionProperties) = preSolution
		HideSolutionNode = FALSE
	EndGlobalSection
EndGlobal
